
Microsoft Visual Studio Solution File, Format Version 12.00
# Visual Studio 2013
VisualStudioVersion = 12.0.30501.0
MinimumVisualStudioVersion = 10.0.40219.1
Project("{FAE04EC0-301F-11D3-BF4B-00C04F79EFBC}") = "WebService", "WebService\WebService.csproj", "{5B1F11A9-DE9F-4379-9271-A66F8F7A3AB4}"
EndProject
Project("{FAE04EC0-301F-11D3-BF4B-00C04F79EFBC}") = "InterfaceUtilisateur", "InterfaceUtilisateur\InterfaceUtilisateur.csproj", "{B0F06D70-B231-4EC7-84CE-4415EC858E16}"
EndProject
Global
	GlobalSection(SolutionConfigurationPlatforms) = preSolution
		Debug|Any CPU = Debug|Any CPU
		Release|Any CPU = Release|Any CPU
	EndGlobalSection
	GlobalSection(ProjectConfigurationPlatforms) = postSolution
		{5B1F11A9-DE9F-4379-9271-A66F8F7A3AB4}.Debug|Any CPU.ActiveCfg = Debug|Any CPU
		{5B1F11A9-DE9F-4379-9271-A66F8F7A3AB4}.Debug|Any CPU.Build.0 = Debug|Any CPU
		{5B1F11A9-DE9F-4379-9271-A66F8F7A3AB4}.Release|Any CPU.ActiveCfg = Release|Any CPU
		{5B1F11A9-DE9F-4379-9271-A66F8F7A3AB4}.Release|Any CPU.Build.0 = Release|Any CPU
		{B0F06D70-B231-4EC7-84CE-4415EC858E16}.Debug|Any CPU.ActiveCfg = Debug|Any CPU
		{B0F06D70-B231-4EC7-84CE-4415EC858E16}.Debug|Any CPU.Build.0 = Debug|Any CPU
		{B0F06D70-B231-4EC7-84CE-4415EC858E16}.Release|Any CPU.ActiveCfg = Release|Any CPU
		{B0F06D70-B231-4EC7-84CE-4415EC858E16}.Release|Any CPU.Build.0 = Release|Any CPU
	EndGlobalSection
	GlobalSection(SolutionProperties) = preSolution
		HideSolutionNode = FALSE
	EndGlobalSection
EndGlobal
