
Microsoft Visual Studio Solution File, Format Version 12.00
# Visual Studio 2013
VisualStudioVersion = 12.0.30501.0
MinimumVisualStudioVersion = 10.0.40219.1
Project("{FAE04EC0-301F-11D3-BF4B-00C04F79EFBC}") = "Client", "Client\Client.csproj", "{7B86CF81-5A06-4400-93F4-D52CD6A0B78F}"
EndProject
Project("{FAE04EC0-301F-11D3-BF4B-00C04F79EFBC}") = "WebService", "WebService\WebService.csproj", "{5B1F11A9-DE9F-4379-9271-A66F8F7A3AB4}"
EndProject
Global
	GlobalSection(SolutionConfigurationPlatforms) = preSolution
		Debug|Any CPU = Debug|Any CPU
		Release|Any CPU = Release|Any CPU
	EndGlobalSection
	GlobalSection(ProjectConfigurationPlatforms) = postSolution
		{7B86CF81-5A06-4400-93F4-D52CD6A0B78F}.Debug|Any CPU.ActiveCfg = Debug|Any CPU
		{7B86CF81-5A06-4400-93F4-D52CD6A0B78F}.Debug|Any CPU.Build.0 = Debug|Any CPU
		{7B86CF81-5A06-4400-93F4-D52CD6A0B78F}.Release|Any CPU.ActiveCfg = Release|Any CPU
		{7B86CF81-5A06-4400-93F4-D52CD6A0B78F}.Release|Any CPU.Build.0 = Release|Any CPU
		{5B1F11A9-DE9F-4379-9271-A66F8F7A3AB4}.Debug|Any CPU.ActiveCfg = Debug|Any CPU
		{5B1F11A9-DE9F-4379-9271-A66F8F7A3AB4}.Debug|Any CPU.Build.0 = Debug|Any CPU
		{5B1F11A9-DE9F-4379-9271-A66F8F7A3AB4}.Release|Any CPU.ActiveCfg = Release|Any CPU
		{5B1F11A9-DE9F-4379-9271-A66F8F7A3AB4}.Release|Any CPU.Build.0 = Release|Any CPU
	EndGlobalSection
	GlobalSection(SolutionProperties) = preSolution
		HideSolutionNode = FALSE
	EndGlobalSection
EndGlobal
